
Microsoft Visual Studio Solution File, Format Version 12.00
# Visual Studio Version 17
VisualStudioVersion = 17.4.33403.182
MinimumVisualStudioVersion = 10.0.40219.1
Project("{FAE04EC0-301F-11D3-BF4B-00C04F79EFBC}") = "SQL_oM", "SQL_oM\SQL_oM.csproj", "{7187B692-350F-4DB6-BCFC-8FAEEF13A607}"
EndProject
Project("{FAE04EC0-301F-11D3-BF4B-00C04F79EFBC}") = "SQL_Engine", "SQL_Engine\SQL_Engine.csproj", "{5882A976-3E46-41D5-9632-29E0E7500C87}"
EndProject
Project("{FAE04EC0-301F-11D3-BF4B-00C04F79EFBC}") = "SQL_Adapter", "SQL_Adapter\SQL_Adapter.csproj", "{9FA48E87-F6B8-4E11-8F07-F2424A1F078A}"
EndProject
Global
	GlobalSection(SolutionConfigurationPlatforms) = preSolution
		Debug|Any CPU = Debug|Any CPU
		Release|Any CPU = Release|Any CPU
	EndGlobalSection
	GlobalSection(ProjectConfigurationPlatforms) = postSolution
		{7187B692-350F-4DB6-BCFC-8FAEEF13A607}.Debug|Any CPU.ActiveCfg = Debug|Any CPU
		{7187B692-350F-4DB6-BCFC-8FAEEF13A607}.Debug|Any CPU.Build.0 = Debug|Any CPU
		{7187B692-350F-4DB6-BCFC-8FAEEF13A607}.Release|Any CPU.ActiveCfg = Release|Any CPU
		{7187B692-350F-4DB6-BCFC-8FAEEF13A607}.Release|Any CPU.Build.0 = Release|Any CPU
		{5882A976-3E46-41D5-9632-29E0E7500C87}.Debug|Any CPU.ActiveCfg = Debug|Any CPU
		{5882A976-3E46-41D5-9632-29E0E7500C87}.Debug|Any CPU.Build.0 = Debug|Any CPU
		{5882A976-3E46-41D5-9632-29E0E7500C87}.Release|Any CPU.ActiveCfg = Release|Any CPU
		{5882A976-3E46-41D5-9632-29E0E7500C87}.Release|Any CPU.Build.0 = Release|Any CPU
		{9FA48E87-F6B8-4E11-8F07-F2424A1F078A}.Debug|Any CPU.ActiveCfg = Debug|Any CPU
		{9FA48E87-F6B8-4E11-8F07-F2424A1F078A}.Debug|Any CPU.Build.0 = Debug|Any CPU
		{9FA48E87-F6B8-4E11-8F07-F2424A1F078A}.Release|Any CPU.ActiveCfg = Release|Any CPU
		{9FA48E87-F6B8-4E11-8F07-F2424A1F078A}.Release|Any CPU.Build.0 = Release|Any CPU
	EndGlobalSection
	GlobalSection(SolutionProperties) = preSolution
		HideSolutionNode = FALSE
	EndGlobalSection
	GlobalSection(ExtensibilityGlobals) = postSolution
		SolutionGuid = {2469E206-F602-424F-92B0-DFB63A73641D}
	EndGlobalSection
EndGlobal
